
Microsoft Visual Studio Solution File, Format Version 12.00
# Visual Studio Version 17
VisualStudioVersion = 17.4.33103.184
MinimumVisualStudioVersion = 10.0.40219.1
Project("{9A19103F-16F7-4668-BE54-9A1E7A4F7556}") = "BulkyBookWeb", "BulkyBookWeb\BulkyBookWeb.csproj", "{8E56F826-E2A2-4B77-AE24-2EBD6C3FEA7B}"
EndProject
Project("{FAE04EC0-301F-11D3-BF4B-00C04F79EFBC}") = "BulkyBook.DataAccess", "BulkyBook.DataAccess\BulkyBook.DataAccess.csproj", "{DE3BC6DE-861A-4BA8-AF78-210C7D3A12E5}"
EndProject
Project("{FAE04EC0-301F-11D3-BF4B-00C04F79EFBC}") = "BulkyBook.Models", "BulkyBook.Models\BulkyBook.Models.csproj", "{412389E0-C9FE-4B1E-969D-B298567D0B65}"
EndProject
Project("{FAE04EC0-301F-11D3-BF4B-00C04F79EFBC}") = "BulkyBook.Utility", "BulkyBook.Utility\BulkyBook.Utility.csproj", "{5F01C673-6B5C-44C0-8D40-FBEC71753005}"
EndProject
Global
	GlobalSection(SolutionConfigurationPlatforms) = preSolution
		Debug|Any CPU = Debug|Any CPU
		Release|Any CPU = Release|Any CPU
	EndGlobalSection
	GlobalSection(ProjectConfigurationPlatforms) = postSolution
		{8E56F826-E2A2-4B77-AE24-2EBD6C3FEA7B}.Debug|Any CPU.ActiveCfg = Debug|Any CPU
		{8E56F826-E2A2-4B77-AE24-2EBD6C3FEA7B}.Debug|Any CPU.Build.0 = Debug|Any CPU
		{8E56F826-E2A2-4B77-AE24-2EBD6C3FEA7B}.Release|Any CPU.ActiveCfg = Release|Any CPU
		{8E56F826-E2A2-4B77-AE24-2EBD6C3FEA7B}.Release|Any CPU.Build.0 = Release|Any CPU
		{DE3BC6DE-861A-4BA8-AF78-210C7D3A12E5}.Debug|Any CPU.ActiveCfg = Debug|Any CPU
		{DE3BC6DE-861A-4BA8-AF78-210C7D3A12E5}.Debug|Any CPU.Build.0 = Debug|Any CPU
		{DE3BC6DE-861A-4BA8-AF78-210C7D3A12E5}.Release|Any CPU.ActiveCfg = Release|Any CPU
		{DE3BC6DE-861A-4BA8-AF78-210C7D3A12E5}.Release|Any CPU.Build.0 = Release|Any CPU
		{412389E0-C9FE-4B1E-969D-B298567D0B65}.Debug|Any CPU.ActiveCfg = Debug|Any CPU
		{412389E0-C9FE-4B1E-969D-B298567D0B65}.Debug|Any CPU.Build.0 = Debug|Any CPU
		{412389E0-C9FE-4B1E-969D-B298567D0B65}.Release|Any CPU.ActiveCfg = Release|Any CPU
		{412389E0-C9FE-4B1E-969D-B298567D0B65}.Release|Any CPU.Build.0 = Release|Any CPU
		{5F01C673-6B5C-44C0-8D40-FBEC71753005}.Debug|Any CPU.ActiveCfg = Debug|Any CPU
		{5F01C673-6B5C-44C0-8D40-FBEC71753005}.Debug|Any CPU.Build.0 = Debug|Any CPU
		{5F01C673-6B5C-44C0-8D40-FBEC71753005}.Release|Any CPU.ActiveCfg = Release|Any CPU
		{5F01C673-6B5C-44C0-8D40-FBEC71753005}.Release|Any CPU.Build.0 = Release|Any CPU
	EndGlobalSection
	GlobalSection(SolutionProperties) = preSolution
		HideSolutionNode = FALSE
	EndGlobalSection
	GlobalSection(ExtensibilityGlobals) = postSolution
		SolutionGuid = {A7F33D95-2802-4E89-8515-658E4F1B3F6D}
	EndGlobalSection
EndGlobal
